
Microsoft Visual Studio Solution File, Format Version 12.00
# Visual Studio Version 17
VisualStudioVersion = 17.13.35818.85 d17.13
MinimumVisualStudioVersion = 10.0.40219.1
Project("{FAE04EC0-301F-11D3-BF4B-00C04F79EFBC}") = "FirstClass-TriangleCalculator", "FirstClass-TriangleCalculator\FirstClass-TriangleCalculator.csproj", "{46FF7D4E-C57E-4965-AA79-7FB4974EECBC}"
EndProject
Global
	GlobalSection(SolutionConfigurationPlatforms) = preSolution
		Debug|Any CPU = Debug|Any CPU
		Release|Any CPU = Release|Any CPU
	EndGlobalSection
	GlobalSection(ProjectConfigurationPlatforms) = postSolution
		{46FF7D4E-C57E-4965-AA79-7FB4974EECBC}.Debug|Any CPU.ActiveCfg = Debug|Any CPU
		{46FF7D4E-C57E-4965-AA79-7FB4974EECBC}.Debug|Any CPU.Build.0 = Debug|Any CPU
		{46FF7D4E-C57E-4965-AA79-7FB4974EECBC}.Release|Any CPU.ActiveCfg = Release|Any CPU
		{46FF7D4E-C57E-4965-AA79-7FB4974EECBC}.Release|Any CPU.Build.0 = Release|Any CPU
	EndGlobalSection
	GlobalSection(SolutionProperties) = preSolution
		HideSolutionNode = FALSE
	EndGlobalSection
	GlobalSection(ExtensibilityGlobals) = postSolution
		SolutionGuid = {BF423E27-784B-4C36-B85D-415EF433BCF2}
	EndGlobalSection
EndGlobal
