
Microsoft Visual Studio Solution File, Format Version 12.00
# Visual Studio Version 17
VisualStudioVersion = 17.13.35818.85 d17.13
MinimumVisualStudioVersion = 10.0.40219.1
Project("{FAE04EC0-301F-11D3-BF4B-00C04F79EFBC}") = "Composition_WorkersExercise", "Composition_WorkersExercise\Composition_WorkersExercise.csproj", "{8AAAE3B3-C715-4007-AF6B-77CFF014DD6C}"
EndProject
Global
	GlobalSection(SolutionConfigurationPlatforms) = preSolution
		Debug|Any CPU = Debug|Any CPU
		Release|Any CPU = Release|Any CPU
	EndGlobalSection
	GlobalSection(ProjectConfigurationPlatforms) = postSolution
		{8AAAE3B3-C715-4007-AF6B-77CFF014DD6C}.Debug|Any CPU.ActiveCfg = Debug|Any CPU
		{8AAAE3B3-C715-4007-AF6B-77CFF014DD6C}.Debug|Any CPU.Build.0 = Debug|Any CPU
		{8AAAE3B3-C715-4007-AF6B-77CFF014DD6C}.Release|Any CPU.ActiveCfg = Release|Any CPU
		{8AAAE3B3-C715-4007-AF6B-77CFF014DD6C}.Release|Any CPU.Build.0 = Release|Any CPU
	EndGlobalSection
	GlobalSection(SolutionProperties) = preSolution
		HideSolutionNode = FALSE
	EndGlobalSection
	GlobalSection(ExtensibilityGlobals) = postSolution
		SolutionGuid = {AB5AE1E6-DC20-45C9-B486-CAB56D320FFA}
	EndGlobalSection
EndGlobal
