
Microsoft Visual Studio Solution File, Format Version 12.00
# Visual Studio Version 17
VisualStudioVersion = 17.13.35818.85 d17.13
MinimumVisualStudioVersion = 10.0.40219.1
Project("{FAE04EC0-301F-11D3-BF4B-00C04F79EFBC}") = "SecondClass_Operations", "SecondClass_Operations\SecondClass_Operations.csproj", "{DCEF8F25-9ACA-405C-A0CA-4CF4F26649CA}"
EndProject
Global
	GlobalSection(SolutionConfigurationPlatforms) = preSolution
		Debug|Any CPU = Debug|Any CPU
		Release|Any CPU = Release|Any CPU
	EndGlobalSection
	GlobalSection(ProjectConfigurationPlatforms) = postSolution
		{DCEF8F25-9ACA-405C-A0CA-4CF4F26649CA}.Debug|Any CPU.ActiveCfg = Debug|Any CPU
		{DCEF8F25-9ACA-405C-A0CA-4CF4F26649CA}.Debug|Any CPU.Build.0 = Debug|Any CPU
		{DCEF8F25-9ACA-405C-A0CA-4CF4F26649CA}.Release|Any CPU.ActiveCfg = Release|Any CPU
		{DCEF8F25-9ACA-405C-A0CA-4CF4F26649CA}.Release|Any CPU.Build.0 = Release|Any CPU
	EndGlobalSection
	GlobalSection(SolutionProperties) = preSolution
		HideSolutionNode = FALSE
	EndGlobalSection
	GlobalSection(ExtensibilityGlobals) = postSolution
		SolutionGuid = {D3BF32CA-16FC-4083-AE53-B2D6FB51E1F4}
	EndGlobalSection
EndGlobal
