
Microsoft Visual Studio Solution File, Format Version 12.00
# Visual Studio Version 17
VisualStudioVersion = 17.14.36121.58 d17.14
MinimumVisualStudioVersion = 10.0.40219.1
Project("{FAE04EC0-301F-11D3-BF4B-00C04F79EFBC}") = "ComparingCollections", "ComparingCollections\ComparingCollections.csproj", "{50400416-AD60-4E7F-8441-02F060E537CD}"
EndProject
Global
	GlobalSection(SolutionConfigurationPlatforms) = preSolution
		Debug|Any CPU = Debug|Any CPU
		Release|Any CPU = Release|Any CPU
	EndGlobalSection
	GlobalSection(ProjectConfigurationPlatforms) = postSolution
		{50400416-AD60-4E7F-8441-02F060E537CD}.Debug|Any CPU.ActiveCfg = Debug|Any CPU
		{50400416-AD60-4E7F-8441-02F060E537CD}.Debug|Any CPU.Build.0 = Debug|Any CPU
		{50400416-AD60-4E7F-8441-02F060E537CD}.Release|Any CPU.ActiveCfg = Release|Any CPU
		{50400416-AD60-4E7F-8441-02F060E537CD}.Release|Any CPU.Build.0 = Release|Any CPU
	EndGlobalSection
	GlobalSection(SolutionProperties) = preSolution
		HideSolutionNode = FALSE
	EndGlobalSection
	GlobalSection(ExtensibilityGlobals) = postSolution
		SolutionGuid = {5B9EED0F-9745-4850-82EB-E7E144FAF896}
	EndGlobalSection
EndGlobal
