
Microsoft Visual Studio Solution File, Format Version 12.00
# Visual Studio Version 17
VisualStudioVersion = 17.13.35818.85 d17.13
MinimumVisualStudioVersion = 10.0.40219.1
Project("{FAE04EC0-301F-11D3-BF4B-00C04F79EFBC}") = "Exercise-HandleACSVFile", "Exercise-HandleACSVFile\Exercise-HandleACSVFile.csproj", "{C26A73ED-6F86-4489-9ECE-53E2FAA6026A}"
EndProject
Global
	GlobalSection(SolutionConfigurationPlatforms) = preSolution
		Debug|Any CPU = Debug|Any CPU
		Release|Any CPU = Release|Any CPU
	EndGlobalSection
	GlobalSection(ProjectConfigurationPlatforms) = postSolution
		{C26A73ED-6F86-4489-9ECE-53E2FAA6026A}.Debug|Any CPU.ActiveCfg = Debug|Any CPU
		{C26A73ED-6F86-4489-9ECE-53E2FAA6026A}.Debug|Any CPU.Build.0 = Debug|Any CPU
		{C26A73ED-6F86-4489-9ECE-53E2FAA6026A}.Release|Any CPU.ActiveCfg = Release|Any CPU
		{C26A73ED-6F86-4489-9ECE-53E2FAA6026A}.Release|Any CPU.Build.0 = Release|Any CPU
	EndGlobalSection
	GlobalSection(SolutionProperties) = preSolution
		HideSolutionNode = FALSE
	EndGlobalSection
	GlobalSection(ExtensibilityGlobals) = postSolution
		SolutionGuid = {AAF83717-BC98-426D-B6E2-388115FB4000}
	EndGlobalSection
EndGlobal
