
Microsoft Visual Studio Solution File, Format Version 12.00
# Visual Studio Version 17
VisualStudioVersion = 17.13.35818.85 d17.13
MinimumVisualStudioVersion = 10.0.40219.1
Project("{FAE04EC0-301F-11D3-BF4B-00C04F79EFBC}") = "Sixth_Class_CurrencyConverter", "Sixth_Class_CurrencyConverter\Sixth_Class_CurrencyConverter.csproj", "{8C3BAEBA-C323-4304-89F7-09954FD8FC40}"
EndProject
Global
	GlobalSection(SolutionConfigurationPlatforms) = preSolution
		Debug|Any CPU = Debug|Any CPU
		Release|Any CPU = Release|Any CPU
	EndGlobalSection
	GlobalSection(ProjectConfigurationPlatforms) = postSolution
		{8C3BAEBA-C323-4304-89F7-09954FD8FC40}.Debug|Any CPU.ActiveCfg = Debug|Any CPU
		{8C3BAEBA-C323-4304-89F7-09954FD8FC40}.Debug|Any CPU.Build.0 = Debug|Any CPU
		{8C3BAEBA-C323-4304-89F7-09954FD8FC40}.Release|Any CPU.ActiveCfg = Release|Any CPU
		{8C3BAEBA-C323-4304-89F7-09954FD8FC40}.Release|Any CPU.Build.0 = Release|Any CPU
	EndGlobalSection
	GlobalSection(SolutionProperties) = preSolution
		HideSolutionNode = FALSE
	EndGlobalSection
	GlobalSection(ExtensibilityGlobals) = postSolution
		SolutionGuid = {15EDCD66-348B-4F33-B837-8A95D8625C46}
	EndGlobalSection
EndGlobal
