
Microsoft Visual Studio Solution File, Format Version 12.00
# Visual Studio Version 17
VisualStudioVersion = 17.13.35818.85 d17.13
MinimumVisualStudioVersion = 10.0.40219.1
Project("{FAE04EC0-301F-11D3-BF4B-00C04F79EFBC}") = "FourthClass_StockControll", "FourthClass_StockControll\FourthClass_StockControll.csproj", "{111A0101-D4D7-412F-9D21-501506600B9C}"
EndProject
Global
	GlobalSection(SolutionConfigurationPlatforms) = preSolution
		Debug|Any CPU = Debug|Any CPU
		Release|Any CPU = Release|Any CPU
	EndGlobalSection
	GlobalSection(ProjectConfigurationPlatforms) = postSolution
		{111A0101-D4D7-412F-9D21-501506600B9C}.Debug|Any CPU.ActiveCfg = Debug|Any CPU
		{111A0101-D4D7-412F-9D21-501506600B9C}.Debug|Any CPU.Build.0 = Debug|Any CPU
		{111A0101-D4D7-412F-9D21-501506600B9C}.Release|Any CPU.ActiveCfg = Release|Any CPU
		{111A0101-D4D7-412F-9D21-501506600B9C}.Release|Any CPU.Build.0 = Release|Any CPU
	EndGlobalSection
	GlobalSection(SolutionProperties) = preSolution
		HideSolutionNode = FALSE
	EndGlobalSection
	GlobalSection(ExtensibilityGlobals) = postSolution
		SolutionGuid = {46EA1B73-F14B-4711-8BE0-F37327FFDEDD}
	EndGlobalSection
EndGlobal
