
Microsoft Visual Studio Solution File, Format Version 12.00
# Visual Studio Version 17
VisualStudioVersion = 17.13.35818.85 d17.13
MinimumVisualStudioVersion = 10.0.40219.1
Project("{FAE04EC0-301F-11D3-BF4B-00C04F79EFBC}") = "SecondClass_BankAccount", "SecondClass_BankAccount\SecondClass_BankAccount.csproj", "{367F7D6C-CBD8-42D8-9168-C603B555DBDC}"
EndProject
Global
	GlobalSection(SolutionConfigurationPlatforms) = preSolution
		Debug|Any CPU = Debug|Any CPU
		Release|Any CPU = Release|Any CPU
	EndGlobalSection
	GlobalSection(ProjectConfigurationPlatforms) = postSolution
		{367F7D6C-CBD8-42D8-9168-C603B555DBDC}.Debug|Any CPU.ActiveCfg = Debug|Any CPU
		{367F7D6C-CBD8-42D8-9168-C603B555DBDC}.Debug|Any CPU.Build.0 = Debug|Any CPU
		{367F7D6C-CBD8-42D8-9168-C603B555DBDC}.Release|Any CPU.ActiveCfg = Release|Any CPU
		{367F7D6C-CBD8-42D8-9168-C603B555DBDC}.Release|Any CPU.Build.0 = Release|Any CPU
	EndGlobalSection
	GlobalSection(SolutionProperties) = preSolution
		HideSolutionNode = FALSE
	EndGlobalSection
	GlobalSection(ExtensibilityGlobals) = postSolution
		SolutionGuid = {0EA1EEBC-B2F0-471B-BC89-C632DEF0731E}
	EndGlobalSection
EndGlobal
