
Microsoft Visual Studio Solution File, Format Version 12.00
# Visual Studio Version 17
VisualStudioVersion = 17.13.35818.85 d17.13
MinimumVisualStudioVersion = 10.0.40219.1
Project("{FAE04EC0-301F-11D3-BF4B-00C04F79EFBC}") = "ProductsExercise", "ProductsExercise\ProductsExercise.csproj", "{AF182E84-F02B-4A8F-8FB3-4F126BB94E40}"
EndProject
Global
	GlobalSection(SolutionConfigurationPlatforms) = preSolution
		Debug|Any CPU = Debug|Any CPU
		Release|Any CPU = Release|Any CPU
	EndGlobalSection
	GlobalSection(ProjectConfigurationPlatforms) = postSolution
		{AF182E84-F02B-4A8F-8FB3-4F126BB94E40}.Debug|Any CPU.ActiveCfg = Debug|Any CPU
		{AF182E84-F02B-4A8F-8FB3-4F126BB94E40}.Debug|Any CPU.Build.0 = Debug|Any CPU
		{AF182E84-F02B-4A8F-8FB3-4F126BB94E40}.Release|Any CPU.ActiveCfg = Release|Any CPU
		{AF182E84-F02B-4A8F-8FB3-4F126BB94E40}.Release|Any CPU.Build.0 = Release|Any CPU
	EndGlobalSection
	GlobalSection(SolutionProperties) = preSolution
		HideSolutionNode = FALSE
	EndGlobalSection
	GlobalSection(ExtensibilityGlobals) = postSolution
		SolutionGuid = {577F4AE0-6C3E-4ED4-ABC1-A0C7BE3BCBD9}
	EndGlobalSection
EndGlobal
