
Microsoft Visual Studio Solution File, Format Version 12.00
# Visual Studio Version 17
VisualStudioVersion = 17.13.35818.85 d17.13
MinimumVisualStudioVersion = 10.0.40219.1
Project("{FAE04EC0-301F-11D3-BF4B-00C04F79EFBC}") = "ThirdProgramm", "ThirdProgramm\ThirdProgramm.csproj", "{8FD600F8-FD46-4449-8783-66805E55259D}"
EndProject
Global
	GlobalSection(SolutionConfigurationPlatforms) = preSolution
		Debug|Any CPU = Debug|Any CPU
		Release|Any CPU = Release|Any CPU
	EndGlobalSection
	GlobalSection(ProjectConfigurationPlatforms) = postSolution
		{8FD600F8-FD46-4449-8783-66805E55259D}.Debug|Any CPU.ActiveCfg = Debug|Any CPU
		{8FD600F8-FD46-4449-8783-66805E55259D}.Debug|Any CPU.Build.0 = Debug|Any CPU
		{8FD600F8-FD46-4449-8783-66805E55259D}.Release|Any CPU.ActiveCfg = Release|Any CPU
		{8FD600F8-FD46-4449-8783-66805E55259D}.Release|Any CPU.Build.0 = Release|Any CPU
	EndGlobalSection
	GlobalSection(SolutionProperties) = preSolution
		HideSolutionNode = FALSE
	EndGlobalSection
	GlobalSection(ExtensibilityGlobals) = postSolution
		SolutionGuid = {8983F82C-DB0C-49CA-B44B-1FA536CFBE3C}
	EndGlobalSection
EndGlobal
