
Microsoft Visual Studio Solution File, Format Version 12.00
# Visual Studio Version 17
VisualStudioVersion = 17.13.35818.85 d17.13
MinimumVisualStudioVersion = 10.0.40219.1
Project("{FAE04EC0-301F-11D3-BF4B-00C04F79EFBC}") = "HotelReservation", "HotelReservation\HotelReservation.csproj", "{25A92B8C-0AF7-4BF3-98EF-5C1302CD1804}"
EndProject
Global
	GlobalSection(SolutionConfigurationPlatforms) = preSolution
		Debug|Any CPU = Debug|Any CPU
		Release|Any CPU = Release|Any CPU
	EndGlobalSection
	GlobalSection(ProjectConfigurationPlatforms) = postSolution
		{25A92B8C-0AF7-4BF3-98EF-5C1302CD1804}.Debug|Any CPU.ActiveCfg = Debug|Any CPU
		{25A92B8C-0AF7-4BF3-98EF-5C1302CD1804}.Debug|Any CPU.Build.0 = Debug|Any CPU
		{25A92B8C-0AF7-4BF3-98EF-5C1302CD1804}.Release|Any CPU.ActiveCfg = Release|Any CPU
		{25A92B8C-0AF7-4BF3-98EF-5C1302CD1804}.Release|Any CPU.Build.0 = Release|Any CPU
	EndGlobalSection
	GlobalSection(SolutionProperties) = preSolution
		HideSolutionNode = FALSE
	EndGlobalSection
	GlobalSection(ExtensibilityGlobals) = postSolution
		SolutionGuid = {AB3955D2-CE08-45B8-841B-811723DF7A16}
	EndGlobalSection
EndGlobal
