
Microsoft Visual Studio Solution File, Format Version 12.00
# Visual Studio Version 17
VisualStudioVersion = 17.13.35818.85 d17.13
MinimumVisualStudioVersion = 10.0.40219.1
Project("{FAE04EC0-301F-11D3-BF4B-00C04F79EFBC}") = "Equals-GetHashCode", "Equals-GetHashCode\Equals-GetHashCode.csproj", "{EC32D5CA-80AD-4D06-BCC6-BE0F39B296DF}"
EndProject
Global
	GlobalSection(SolutionConfigurationPlatforms) = preSolution
		Debug|Any CPU = Debug|Any CPU
		Release|Any CPU = Release|Any CPU
	EndGlobalSection
	GlobalSection(ProjectConfigurationPlatforms) = postSolution
		{EC32D5CA-80AD-4D06-BCC6-BE0F39B296DF}.Debug|Any CPU.ActiveCfg = Debug|Any CPU
		{EC32D5CA-80AD-4D06-BCC6-BE0F39B296DF}.Debug|Any CPU.Build.0 = Debug|Any CPU
		{EC32D5CA-80AD-4D06-BCC6-BE0F39B296DF}.Release|Any CPU.ActiveCfg = Release|Any CPU
		{EC32D5CA-80AD-4D06-BCC6-BE0F39B296DF}.Release|Any CPU.Build.0 = Release|Any CPU
	EndGlobalSection
	GlobalSection(SolutionProperties) = preSolution
		HideSolutionNode = FALSE
	EndGlobalSection
	GlobalSection(ExtensibilityGlobals) = postSolution
		SolutionGuid = {A5CDBBF2-6733-4A78-97C3-CA788CADA154}
	EndGlobalSection
EndGlobal
