
Microsoft Visual Studio Solution File, Format Version 12.00
# Visual Studio Version 17
VisualStudioVersion = 17.13.35818.85 d17.13
MinimumVisualStudioVersion = 10.0.40219.1
Project("{FAE04EC0-301F-11D3-BF4B-00C04F79EFBC}") = "FifthClass_RectangleInfo", "FifthClass_RectangleInfo\FifthClass_RectangleInfo.csproj", "{1957E010-0E29-4708-8E40-E88A8FF20F8B}"
EndProject
Global
	GlobalSection(SolutionConfigurationPlatforms) = preSolution
		Debug|Any CPU = Debug|Any CPU
		Release|Any CPU = Release|Any CPU
	EndGlobalSection
	GlobalSection(ProjectConfigurationPlatforms) = postSolution
		{1957E010-0E29-4708-8E40-E88A8FF20F8B}.Debug|Any CPU.ActiveCfg = Debug|Any CPU
		{1957E010-0E29-4708-8E40-E88A8FF20F8B}.Debug|Any CPU.Build.0 = Debug|Any CPU
		{1957E010-0E29-4708-8E40-E88A8FF20F8B}.Release|Any CPU.ActiveCfg = Release|Any CPU
		{1957E010-0E29-4708-8E40-E88A8FF20F8B}.Release|Any CPU.Build.0 = Release|Any CPU
	EndGlobalSection
	GlobalSection(SolutionProperties) = preSolution
		HideSolutionNode = FALSE
	EndGlobalSection
	GlobalSection(ExtensibilityGlobals) = postSolution
		SolutionGuid = {3EB38225-BCC8-404A-8285-285D01EC133E}
	EndGlobalSection
EndGlobal
