
Microsoft Visual Studio Solution File, Format Version 12.00
# Visual Studio Version 17
VisualStudioVersion = 17.13.35818.85 d17.13
MinimumVisualStudioVersion = 10.0.40219.1
Project("{FAE04EC0-301F-11D3-BF4B-00C04F79EFBC}") = "NotUsingFileStream", "NotUsingFileStream\NotUsingFileStream.csproj", "{C28F9256-10F9-4679-98AA-F981B2FB6BA3}"
EndProject
Global
	GlobalSection(SolutionConfigurationPlatforms) = preSolution
		Debug|Any CPU = Debug|Any CPU
		Release|Any CPU = Release|Any CPU
	EndGlobalSection
	GlobalSection(ProjectConfigurationPlatforms) = postSolution
		{C28F9256-10F9-4679-98AA-F981B2FB6BA3}.Debug|Any CPU.ActiveCfg = Debug|Any CPU
		{C28F9256-10F9-4679-98AA-F981B2FB6BA3}.Debug|Any CPU.Build.0 = Debug|Any CPU
		{C28F9256-10F9-4679-98AA-F981B2FB6BA3}.Release|Any CPU.ActiveCfg = Release|Any CPU
		{C28F9256-10F9-4679-98AA-F981B2FB6BA3}.Release|Any CPU.Build.0 = Release|Any CPU
	EndGlobalSection
	GlobalSection(SolutionProperties) = preSolution
		HideSolutionNode = FALSE
	EndGlobalSection
	GlobalSection(ExtensibilityGlobals) = postSolution
		SolutionGuid = {E44A6D9C-F31A-4A88-BDA6-7F92990727CA}
	EndGlobalSection
EndGlobal
